
Microsoft Visual Studio Solution File, Format Version 12.00
# Visual Studio Version 17
VisualStudioVersion = 17.3.32819.101
MinimumVisualStudioVersion = 10.0.40219.1
Project("{FAE04EC0-301F-11D3-BF4B-00C04F79EFBC}") = "iRh.Windows", "iRh.Windows\iRh.Windows.csproj", "{D9B5E9B8-8844-4F17-9882-6096F6FBA598}"
EndProject
Global
	GlobalSection(SolutionConfigurationPlatforms) = preSolution
		Debug|Any CPU = Debug|Any CPU
		Release|Any CPU = Release|Any CPU
	EndGlobalSection
	GlobalSection(ProjectConfigurationPlatforms) = postSolution
		{D9B5E9B8-8844-4F17-9882-6096F6FBA598}.Debug|Any CPU.ActiveCfg = Debug|Any CPU
		{D9B5E9B8-8844-4F17-9882-6096F6FBA598}.Debug|Any CPU.Build.0 = Debug|Any CPU
		{D9B5E9B8-8844-4F17-9882-6096F6FBA598}.Release|Any CPU.ActiveCfg = Release|Any CPU
		{D9B5E9B8-8844-4F17-9882-6096F6FBA598}.Release|Any CPU.Build.0 = Release|Any CPU
	EndGlobalSection
	GlobalSection(SolutionProperties) = preSolution
		HideSolutionNode = FALSE
	EndGlobalSection
	GlobalSection(ExtensibilityGlobals) = postSolution
		SolutionGuid = {44BE46D5-7222-4877-9CE8-9B99560DA7B0}
	EndGlobalSection
EndGlobal
